
Microsoft Visual Studio Solution File, Format Version 12.00
# Visual Studio Version 17
VisualStudioVersion = 17.13.35825.156 d17.13
MinimumVisualStudioVersion = 10.0.40219.1
Project("{FAE04EC0-301F-11D3-BF4B-00C04F79EFBC}") = "SmartLands", "SmartLands\SmartLands.csproj", "{E7721481-D54D-435E-92BC-F7278144FFB0}"
EndProject
Global
	GlobalSection(SolutionConfigurationPlatforms) = preSolution
		Debug|Any CPU = Debug|Any CPU
		Release|Any CPU = Release|Any CPU
	EndGlobalSection
	GlobalSection(ProjectConfigurationPlatforms) = postSolution
		{E7721481-D54D-435E-92BC-F7278144FFB0}.Debug|Any CPU.ActiveCfg = Debug|Any CPU
		{E7721481-D54D-435E-92BC-F7278144FFB0}.Debug|Any CPU.Build.0 = Debug|Any CPU
		{E7721481-D54D-435E-92BC-F7278144FFB0}.Release|Any CPU.ActiveCfg = Release|Any CPU
		{E7721481-D54D-435E-92BC-F7278144FFB0}.Release|Any CPU.Build.0 = Release|Any CPU
	EndGlobalSection
	GlobalSection(SolutionProperties) = preSolution
		HideSolutionNode = FALSE
	EndGlobalSection
	GlobalSection(ExtensibilityGlobals) = postSolution
		SolutionGuid = {AAB49FAF-0AEE-4632-9B6E-5E349D1373EC}
	EndGlobalSection
EndGlobal
